
Microsoft Visual Studio Solution File, Format Version 12.00
# Visual Studio Version 16
VisualStudioVersion = 16.0.29201.188
MinimumVisualStudioVersion = 10.0.40219.1
Project("{FAE04EC0-301F-11D3-BF4B-00C04F79EFBC}") = "Cascadingdropdown", "Cascadingdropdown\Cascadingdropdown.csproj", "{9E886172-07A7-4477-9AE5-C8B69418050E}"
EndProject
Global
	GlobalSection(SolutionConfigurationPlatforms) = preSolution
		Debug|Any CPU = Debug|Any CPU
		Release|Any CPU = Release|Any CPU
	EndGlobalSection
	GlobalSection(ProjectConfigurationPlatforms) = postSolution
		{9E886172-07A7-4477-9AE5-C8B69418050E}.Debug|Any CPU.ActiveCfg = Debug|Any CPU
		{9E886172-07A7-4477-9AE5-C8B69418050E}.Debug|Any CPU.Build.0 = Debug|Any CPU
		{9E886172-07A7-4477-9AE5-C8B69418050E}.Release|Any CPU.ActiveCfg = Release|Any CPU
		{9E886172-07A7-4477-9AE5-C8B69418050E}.Release|Any CPU.Build.0 = Release|Any CPU
	EndGlobalSection
	GlobalSection(SolutionProperties) = preSolution
		HideSolutionNode = FALSE
	EndGlobalSection
	GlobalSection(ExtensibilityGlobals) = postSolution
		SolutionGuid = {82FA01EF-EF0D-4A9D-9711-ADEB01158E22}
	EndGlobalSection
EndGlobal
